
Microsoft Visual Studio Solution File, Format Version 12.00
# Visual Studio Version 16
VisualStudioVersion = 16.0.29503.13
MinimumVisualStudioVersion = 10.0.40219.1
Project("{FAE04EC0-301F-11D3-BF4B-00C04F79EFBC}") = "Weather_App_3.0", "Weather_App_3.0\Weather_App_3.0.csproj", "{8EE62F17-5616-4154-AA3C-68962946240D}"
EndProject
Global
	GlobalSection(SolutionConfigurationPlatforms) = preSolution
		Debug|Any CPU = Debug|Any CPU
		Release|Any CPU = Release|Any CPU
	EndGlobalSection
	GlobalSection(ProjectConfigurationPlatforms) = postSolution
		{8EE62F17-5616-4154-AA3C-68962946240D}.Debug|Any CPU.ActiveCfg = Debug|Any CPU
		{8EE62F17-5616-4154-AA3C-68962946240D}.Debug|Any CPU.Build.0 = Debug|Any CPU
		{8EE62F17-5616-4154-AA3C-68962946240D}.Release|Any CPU.ActiveCfg = Release|Any CPU
		{8EE62F17-5616-4154-AA3C-68962946240D}.Release|Any CPU.Build.0 = Release|Any CPU
	EndGlobalSection
	GlobalSection(SolutionProperties) = preSolution
		HideSolutionNode = FALSE
	EndGlobalSection
	GlobalSection(ExtensibilityGlobals) = postSolution
		SolutionGuid = {BD1B108F-EDDC-452C-8420-3262EA449C6E}
	EndGlobalSection
EndGlobal
